{
  "name": "docker-discover",
  "version": "0.1.6",
  "dependencies": {
    "async": {
      "version": "0.2.9",
      "from": "async@*"
    },
    "request": {
      "version": "2.31.0",
      "from": "request@*",
      "dependencies": {
        "qs": {
          "version": "0.6.6",
          "from": "qs@~0.6.0"
        },
        "json-stringify-safe": {
          "version": "5.0.0",
          "from": "json-stringify-safe@~5.0.0"
        },
        "forever-agent": {
          "version": "0.5.0",
          "from": "forever-agent@~0.5.0"
        },
        "node-uuid": {
          "version": "1.4.1",
          "from": "node-uuid@~1.4.0"
        },
        "mime": {
          "version": "1.2.11",
          "from": "mime@~1.2.9"
        },
        "tough-cookie": {
          "version": "0.9.15",
          "from": "tough-cookie@~0.9.15",
          "dependencies": {
            "punycode": {
              "version": "1.2.3",
              "from": "punycode@>=0.2.0"
            }
          }
        },
        "form-data": {
          "version": "0.1.2",
          "from": "form-data@~0.1.0",
          "dependencies": {
            "combined-stream": {
              "version": "0.0.4",
              "from": "combined-stream@~0.0.4",
              "dependencies": {
                "delayed-stream": {
                  "version": "0.0.5",
                  "from": "delayed-stream@0.0.5",
                  "resolved": "https://registry.npmjs.org/delayed-stream/-/delayed-stream-0.0.5.tgz"
                }
              }
            }
          }
        },
        "tunnel-agent": {
          "version": "0.3.0",
          "from": "tunnel-agent@~0.3.0"
        },
        "http-signature": {
          "version": "0.10.0",
          "from": "http-signature@~0.10.0",
          "dependencies": {
            "assert-plus": {
              "version": "0.1.2",
              "from": "assert-plus@0.1.2",
              "resolved": "https://registry.npmjs.org/assert-plus/-/assert-plus-0.1.2.tgz"
            },
            "asn1": {
              "version": "0.1.11",
              "from": "asn1@0.1.11",
              "resolved": "https://registry.npmjs.org/asn1/-/asn1-0.1.11.tgz"
            },
            "ctype": {
              "version": "0.5.2",
              "from": "ctype@0.5.2",
              "resolved": "https://registry.npmjs.org/ctype/-/ctype-0.5.2.tgz"
            }
          }
        },
        "oauth-sign": {
          "version": "0.3.0",
          "from": "oauth-sign@~0.3.0"
        },
        "hawk": {
          "version": "1.0.0",
          "from": "hawk@~1.0.0",
          "dependencies": {
            "hoek": {
              "version": "0.9.1",
              "from": "hoek@0.9.x"
            },
            "boom": {
              "version": "0.4.2",
              "from": "boom@0.4.x"
            },
            "cryptiles": {
              "version": "0.2.2",
              "from": "cryptiles@0.2.x"
            },
            "sntp": {
              "version": "0.2.4",
              "from": "sntp@0.2.x"
            }
          }
        },
        "aws-sign2": {
          "version": "0.5.0",
          "from": "aws-sign2@~0.5.0"
        }
      }
    },
    "winston": {
      "version": "0.7.2",
      "from": "winston@*",
      "dependencies": {
        "colors": {
          "version": "0.6.2",
          "from": "colors@0.6.x"
        },
        "cycle": {
          "version": "1.0.3",
          "from": "cycle@1.0.x"
        },
        "eyes": {
          "version": "0.1.8",
          "from": "eyes@0.1.x"
        },
        "pkginfo": {
          "version": "0.3.0",
          "from": "pkginfo@0.3.x"
        },
        "request": {
          "version": "2.16.6",
          "from": "request@2.16.x",
          "dependencies": {
            "form-data": {
              "version": "0.0.10",
              "from": "form-data@~0.0.3",
              "dependencies": {
                "combined-stream": {
                  "version": "0.0.4",
                  "from": "combined-stream@~0.0.4",
                  "dependencies": {
                    "delayed-stream": {
                      "version": "0.0.5",
                      "from": "delayed-stream@0.0.5",
                      "resolved": "https://registry.npmjs.org/delayed-stream/-/delayed-stream-0.0.5.tgz"
                    }
                  }
                }
              }
            },
            "mime": {
              "version": "1.2.11",
              "from": "mime@~1.2.7"
            },
            "hawk": {
              "version": "0.10.2",
              "from": "hawk@~0.10.2",
              "dependencies": {
                "hoek": {
                  "version": "0.7.6",
                  "from": "hoek@0.7.x"
                },
                "boom": {
                  "version": "0.3.8",
                  "from": "boom@0.3.x"
                },
                "cryptiles": {
                  "version": "0.1.3",
                  "from": "cryptiles@0.1.x"
                },
                "sntp": {
                  "version": "0.1.4",
                  "from": "sntp@0.1.x"
                }
              }
            },
            "node-uuid": {
              "version": "1.4.1",
              "from": "node-uuid@~1.4.0"
            },
            "cookie-jar": {
              "version": "0.2.0",
              "from": "cookie-jar@~0.2.0"
            },
            "aws-sign": {
              "version": "0.2.0",
              "from": "aws-sign@~0.2.0"
            },
            "oauth-sign": {
              "version": "0.2.0",
              "from": "oauth-sign@~0.2.0"
            },
            "forever-agent": {
              "version": "0.2.0",
              "from": "forever-agent@~0.2.0"
            },
            "tunnel-agent": {
              "version": "0.2.0",
              "from": "tunnel-agent@~0.2.0"
            },
            "json-stringify-safe": {
              "version": "3.0.0",
              "from": "json-stringify-safe@~3.0.0"
            },
            "qs": {
              "version": "0.5.6",
              "from": "qs@~0.5.4"
            }
          }
        },
        "stack-trace": {
          "version": "0.0.7",
          "from": "stack-trace@0.0.x"
        }
      }
    },
    "nconf": {
      "version": "0.6.9",
      "from": "nconf@*",
      "dependencies": {
        "ini": {
          "version": "1.1.0",
          "from": "ini@1.x.x"
        },
        "optimist": {
          "version": "0.6.0",
          "from": "optimist@0.6.0",
          "resolved": "https://registry.npmjs.org/optimist/-/optimist-0.6.0.tgz",
          "dependencies": {
            "wordwrap": {
              "version": "0.0.2",
              "from": "wordwrap@~0.0.2"
            },
            "minimist": {
              "version": "0.0.5",
              "from": "minimist@~0.0.1"
            }
          }
        }
      }
    },
    "docker.io": {
      "version": "0.9.8",
      "from": "docker.io@*",
      "dependencies": {
        "docker-modem": {
          "version": "0.1.4",
          "from": "docker-modem@*",
          "resolved": "https://registry.npmjs.org/docker-modem/-/docker-modem-0.1.4.tgz",
          "dependencies": {
            "querystring": {
              "version": "0.2.0",
              "from": "querystring@0.2.0",
              "resolved": "https://registry.npmjs.org/querystring/-/querystring-0.2.0.tgz"
            },
            "follow-redirects": {
              "version": "0.0.3",
              "from": "follow-redirects@0.0.3",
              "resolved": "https://registry.npmjs.org/follow-redirects/-/follow-redirects-0.0.3.tgz",
              "dependencies": {
                "underscore": {
                  "version": "1.5.2",
                  "from": "underscore@"
                }
              }
            }
          }
        },
        "flat-validator": {
          "version": "0.0.1",
          "from": "flat-validator@git://github.com/appersonlabs/flat-validator.git",
          "resolved": "git://github.com/appersonlabs/flat-validator.git#b877f6d3eec6207a731debf6f261c0b6831d235b"
        },
        "node-v8-clone": {
          "version": "0.4.5",
          "from": "node-v8-clone@~0.4.5"
        }
      }
    },
    "node-etcd": {
      "version": "2.0.5",
      "from": "node-etcd@*",
      "resolved": "https://registry.npmjs.org/node-etcd/-/node-etcd-2.0.5.tgz",
      "dependencies": {
        "underscore": {
          "version": "1.5.2",
          "from": "underscore@~1.5.0"
        },
        "request": {
          "version": "2.27.0",
          "from": "request@~2.27.0",
          "dependencies": {
            "qs": {
              "version": "0.6.6",
              "from": "qs@~0.6.0"
            },
            "json-stringify-safe": {
              "version": "5.0.0",
              "from": "json-stringify-safe@~5.0.0"
            },
            "forever-agent": {
              "version": "0.5.0",
              "from": "forever-agent@~0.5.0"
            },
            "tunnel-agent": {
              "version": "0.3.0",
              "from": "tunnel-agent@~0.3.0"
            },
            "http-signature": {
              "version": "0.10.0",
              "from": "http-signature@~0.10.0",
              "dependencies": {
                "assert-plus": {
                  "version": "0.1.2",
                  "from": "assert-plus@0.1.2",
                  "resolved": "https://registry.npmjs.org/assert-plus/-/assert-plus-0.1.2.tgz"
                },
                "asn1": {
                  "version": "0.1.11",
                  "from": "asn1@0.1.11",
                  "resolved": "https://registry.npmjs.org/asn1/-/asn1-0.1.11.tgz"
                },
                "ctype": {
                  "version": "0.5.2",
                  "from": "ctype@0.5.2",
                  "resolved": "https://registry.npmjs.org/ctype/-/ctype-0.5.2.tgz"
                }
              }
            },
            "hawk": {
              "version": "1.0.0",
              "from": "hawk@~1.0.0",
              "dependencies": {
                "hoek": {
                  "version": "0.9.1",
                  "from": "hoek@0.9.x"
                },
                "boom": {
                  "version": "0.4.2",
                  "from": "boom@0.4.x"
                },
                "cryptiles": {
                  "version": "0.2.2",
                  "from": "cryptiles@0.2.x"
                },
                "sntp": {
                  "version": "0.2.4",
                  "from": "sntp@0.2.x"
                }
              }
            },
            "aws-sign": {
              "version": "0.3.0",
              "from": "aws-sign@~0.3.0"
            },
            "oauth-sign": {
              "version": "0.3.0",
              "from": "oauth-sign@~0.3.0"
            },
            "cookie-jar": {
              "version": "0.3.0",
              "from": "cookie-jar@~0.3.0"
            },
            "node-uuid": {
              "version": "1.4.1",
              "from": "node-uuid@~1.4.0"
            },
            "mime": {
              "version": "1.2.11",
              "from": "mime@~1.2.9"
            },
            "form-data": {
              "version": "0.1.2",
              "from": "form-data@~0.1.0",
              "dependencies": {
                "combined-stream": {
                  "version": "0.0.4",
                  "from": "combined-stream@~0.0.4",
                  "dependencies": {
                    "delayed-stream": {
                      "version": "0.0.5",
                      "from": "delayed-stream@0.0.5",
                      "resolved": "https://registry.npmjs.org/delayed-stream/-/delayed-stream-0.0.5.tgz"
                    }
                  }
                }
              }
            }
          }
        }
      }
    },
    "set": {
      "version": "1.0.1",
      "from": "set@*"
    }
  }
}
